<?xml version="1.0" encoding="utf-8"?>
<Project ToolsVersion="4.0" xmlns="http://schemas.microsoft.com/developer/msbuild/2003">
  <ItemGroup>
    <Filter Include="Source Files">
      <UniqueIdentifier>{4FC737F1-C7A5-4376-A066-2A32D752A2FF}</UniqueIdentifier>
      <Extensions>cpp;c;cc;cxx;def;odl;idl;hpj;bat;asm;asmx</Extensions>
    </Filter>
    <Filter Include="Header Files">
      <UniqueIdentifier>{93995380-89BD-4b04-88EB-625FBE52EBFB}</UniqueIdentifier>
      <Extensions>h;hh;hpp;hxx;hm;inl;inc;xsd</Extensions>
    </Filter>
    <Filter Include="Resource Files">
      <UniqueIdentifier>{67DA6AB6-F800-4c08-8B7A-83BB121AAD01}</UniqueIdentifier>
      <Extensions>rc;ico;cur;bmp;dlg;rc2;rct;bin;rgs;gif;jpg;jpeg;jpe;resx;tiff;tif;png;wav;mfcribbon-ms</Extensions>
    </Filter>
    <Filter Include="Form Files">
      <UniqueIdentifier>{99349809-55BA-4b9d-BF79-8FDBB0286EB3}</UniqueIdentifier>
      <Extensions>ui</Extensions>
    </Filter>
    <Filter Include="Resource Files">
      <UniqueIdentifier>{D9D6E242-F8AF-46E4-B9FD-80ECBC20BA3E}</UniqueIdentifier>
      <Extensions>qrc;*</Extensions>
      <ParseFiles>false</ParseFiles>
    </Filter>
    <Filter Include="Header Files\EventHandler">
      <UniqueIdentifier>{3dd92754-4fee-48fd-9660-46fc40348945}</UniqueIdentifier>
    </Filter>
    <Filter Include="Source Files\EventHandler">
      <UniqueIdentifier>{a2906c83-19c0-43eb-97ff-f0c9a653d39d}</UniqueIdentifier>
    </Filter>
    <Filter Include="Header Files\FormView">
      <UniqueIdentifier>{e868d24a-8048-4999-a608-f96f240d6ea8}</UniqueIdentifier>
    </Filter>
    <Filter Include="Source Files\FormView">
      <UniqueIdentifier>{aef67656-ae65-456b-bd8d-6171b0967fe4}</UniqueIdentifier>
    </Filter>
    <Filter Include="Header Files\Device">
      <UniqueIdentifier>{d9aa2a87-82e9-40eb-a9b5-ab4b60f891eb}</UniqueIdentifier>
    </Filter>
    <Filter Include="Source Files\Device">
      <UniqueIdentifier>{fe77a097-9cf8-41cd-b50a-2671770c59cd}</UniqueIdentifier>
    </Filter>
    <Filter Include="Source Files\Device\Camera">
      <UniqueIdentifier>{9434f661-eef4-487b-b61a-f34ba146e95a}</UniqueIdentifier>
    </Filter>
    <Filter Include="Header Files\Device\Camera">
      <UniqueIdentifier>{a1347205-68df-46d3-a7f2-c81978a4f45e}</UniqueIdentifier>
    </Filter>
    <Filter Include="Header Files\FormView\ImageView">
      <UniqueIdentifier>{87573bdb-e4c3-4137-ad3c-2621b24820cb}</UniqueIdentifier>
    </Filter>
    <Filter Include="Source Files\FormView\ImageView">
      <UniqueIdentifier>{1371cf53-4077-4360-bb44-93d50588a304}</UniqueIdentifier>
    </Filter>
    <Filter Include="Header Files\Device\USB">
      <UniqueIdentifier>{eb46d930-e6c1-4998-b93d-c60e7e10b014}</UniqueIdentifier>
    </Filter>
    <Filter Include="Source Files\Device\USB">
      <UniqueIdentifier>{1dbdfb8e-f0c2-4db7-9766-357a278f826b}</UniqueIdentifier>
    </Filter>
    <Filter Include="Source Files\FormView\Sequence">
      <UniqueIdentifier>{e8aba5ef-1b2b-4cea-947c-0ba1eb19cda8}</UniqueIdentifier>
    </Filter>
    <Filter Include="Header Files\Device\XM">
      <UniqueIdentifier>{a321c577-9256-44bc-890f-4c9b9ae2dbb9}</UniqueIdentifier>
    </Filter>
    <Filter Include="Source Files\Device\XM">
      <UniqueIdentifier>{709b5607-f8af-4238-b153-befee502835b}</UniqueIdentifier>
    </Filter>
    <Filter Include="Header Files\UI">
      <UniqueIdentifier>{1d9a60a2-5a43-41f3-80f2-55556365db52}</UniqueIdentifier>
    </Filter>
    <Filter Include="Source Files\UI">
      <UniqueIdentifier>{506f9dc3-e719-4bda-b32b-c68833ec186d}</UniqueIdentifier>
    </Filter>
    <Filter Include="Header Files\Sequence">
      <UniqueIdentifier>{d224a5c8-62f9-4cca-821f-d59c9f8d06b4}</UniqueIdentifier>
    </Filter>
  </ItemGroup>
  <ItemGroup>
    <QtRcc Include="AngstrongDemo.qrc">
      <Filter>Resource Files</Filter>
    </QtRcc>
    <QtMoc Include="AngstrongDemo.h">
      <Filter>Header Files</Filter>
    </QtMoc>
    <ClCompile Include="AngstrongDemo.cpp">
      <Filter>Source Files</Filter>
    </ClCompile>
  </ItemGroup>
  <ItemGroup>
    <ClCompile Include="main.cpp">
      <Filter>Source Files</Filter>
    </ClCompile>
    <ClCompile Include="cameraview.cpp">
      <Filter>Source Files\FormView</Filter>
    </ClCompile>
    <ClCompile Include="outputview.cpp">
      <Filter>Source Files\FormView</Filter>
    </ClCompile>
    <ClCompile Include="parameterview.cpp">
      <Filter>Source Files\FormView</Filter>
    </ClCompile>
    <ClCompile Include="CameraDS.cpp">
      <Filter>Source Files\Device\Camera</Filter>
    </ClCompile>
    <ClCompile Include="imagereader.cpp">
      <Filter>Source Files\Device\Camera</Filter>
    </ClCompile>
    <ClCompile Include="imageitem.cpp">
      <Filter>Source Files\FormView\ImageView</Filter>
    </ClCompile>
    <ClCompile Include="imagescene.cpp">
      <Filter>Source Files\FormView\ImageView</Filter>
    </ClCompile>
    <ClCompile Include="imageview.cpp">
      <Filter>Source Files\FormView\ImageView</Filter>
    </ClCompile>
    <ClCompile Include="View.cpp">
      <Filter>Source Files\FormView\ImageView</Filter>
    </ClCompile>
    <ClCompile Include="displayview.cpp">
      <Filter>Source Files\FormView</Filter>
    </ClCompile>
    <ClCompile Include="usbdevice.cpp">
      <Filter>Source Files\Device\USB</Filter>
    </ClCompile>
    <ClCompile Include="graphicsrectitem.cpp">
      <Filter>Source Files\FormView\ImageView</Filter>
    </ClCompile>
    <ClCompile Include="imagepix.cpp">
      <Filter>Source Files\FormView\ImageView</Filter>
    </ClCompile>
    <ClCompile Include="xmview.cpp">
      <Filter>Source Files\FormView</Filter>
    </ClCompile>
    <ClCompile Include="..\xmodemV2\xmodem.c">
      <Filter>Source Files\Device\XM</Filter>
    </ClCompile>
    <ClCompile Include="..\xmodemV2\utilcom.c">
      <Filter>Source Files\Device\XM</Filter>
    </ClCompile>
    <ClCompile Include="..\xmodemV2\otp_interface.cpp">
      <Filter>Source Files\Device\XM</Filter>
    </ClCompile>
    <ClCompile Include="..\xmodemV2\comm.c">
      <Filter>Source Files\Device\XM</Filter>
    </ClCompile>
    <ClCompile Include="widgetui.cpp">
      <Filter>Source Files\UI</Filter>
    </ClCompile>
    <ClCompile Include="titlebar.cpp">
      <Filter>Source Files\UI</Filter>
    </ClCompile>
    <ClCompile Include="savedata.cpp">
      <Filter>Source Files\Device\Camera</Filter>
    </ClCompile>
  </ItemGroup>
  <ItemGroup>
    <QtUic Include="AngstrongDemo.ui">
      <Filter>Form Files</Filter>
    </QtUic>
    <QtUic Include="imageview.ui">
      <Filter>Form Files</Filter>
    </QtUic>
    <QtUic Include="parameterview.ui">
      <Filter>Form Files</Filter>
    </QtUic>
    <QtUic Include="cameraview.ui">
      <Filter>Form Files</Filter>
    </QtUic>
    <QtUic Include="outputview.ui">
      <Filter>Form Files</Filter>
    </QtUic>
    <QtUic Include="savedata.ui">
      <Filter>Form Files</Filter>
    </QtUic>
    <QtUic Include="displayview.ui">
      <Filter>Form Files</Filter>
    </QtUic>
    <QtUic Include="xmview.ui">
      <Filter>Form Files</Filter>
    </QtUic>
    <QtUic Include="widgetui.ui">
      <Filter>Form Files</Filter>
    </QtUic>
    <QtUic Include="titlebar.ui">
      <Filter>Form Files</Filter>
    </QtUic>
  </ItemGroup>
  <ItemGroup>
    <QtMoc Include="cameraview.h">
      <Filter>Header Files\FormView</Filter>
    </QtMoc>
    <QtMoc Include="outputview.h">
      <Filter>Header Files\FormView</Filter>
    </QtMoc>
    <QtMoc Include="parameterview.h">
      <Filter>Header Files\FormView</Filter>
    </QtMoc>
    <QtMoc Include="imagereader.h">
      <Filter>Header Files\Device\Camera</Filter>
    </QtMoc>
    <QtMoc Include="imageitem.h">
      <Filter>Header Files\FormView\ImageView</Filter>
    </QtMoc>
    <QtMoc Include="imagescene.h">
      <Filter>Header Files\FormView\ImageView</Filter>
    </QtMoc>
    <QtMoc Include="imageview.h">
      <Filter>Header Files\FormView\ImageView</Filter>
    </QtMoc>
    <QtMoc Include="View.h">
      <Filter>Header Files\FormView\ImageView</Filter>
    </QtMoc>
    <QtMoc Include="displayview.h">
      <Filter>Header Files\FormView</Filter>
    </QtMoc>
    <QtMoc Include="imagepix.h">
      <Filter>Header Files\FormView\ImageView</Filter>
    </QtMoc>
    <QtMoc Include="graphicsrectitem.h">
      <Filter>Header Files\FormView\ImageView</Filter>
    </QtMoc>
    <QtMoc Include="xmview.h">
      <Filter>Header Files\FormView</Filter>
    </QtMoc>
    <QtMoc Include="widgetui.h">
      <Filter>Header Files\UI</Filter>
    </QtMoc>
    <QtMoc Include="titlebar.h">
      <Filter>Header Files\UI</Filter>
    </QtMoc>
    <QtMoc Include="savedata.h">
      <Filter>Header Files\Device\Camera</Filter>
    </QtMoc>
  </ItemGroup>
  <ItemGroup>
    <ClInclude Include="CameraDS.h">
      <Filter>Header Files\Device\Camera</Filter>
    </ClInclude>
    <ClInclude Include="resource.h">
      <Filter>Header Files</Filter>
    </ClInclude>
    <ClInclude Include="usbdevice.h">
      <Filter>Header Files\Device\USB</Filter>
    </ClInclude>
    <ClInclude Include="..\xmodemV2\xmodem.h">
      <Filter>Header Files\Device\XM</Filter>
    </ClInclude>
    <ClInclude Include="..\xmodemV2\utilcom.h">
      <Filter>Header Files\Device\XM</Filter>
    </ClInclude>
    <ClInclude Include="..\xmodemV2\data_type.h">
      <Filter>Header Files\Device\XM</Filter>
    </ClInclude>
    <ClInclude Include="..\xmodemV2\comm.h">
      <Filter>Header Files\Device\XM</Filter>
    </ClInclude>
    <ClInclude Include="..\xmodemV2\otp_interface.h">
      <Filter>Header Files\Device\XM</Filter>
    </ClInclude>
    <ClInclude Include="definitionmenu.h">
      <Filter>Header Files\FormView\ImageView</Filter>
    </ClInclude>
  </ItemGroup>
  <ItemGroup>
    <Image Include="icon1.ico">
      <Filter>Resource Files</Filter>
    </Image>
    <Image Include="image_ico\放大版摄像头.png">
      <Filter>Resource Files</Filter>
    </Image>
    <Image Include="image_ico\放大版摄像头.ico">
      <Filter>Resource Files</Filter>
    </Image>
    <Image Include="camera.ico">
      <Filter>Resource Files</Filter>
    </Image>
  </ItemGroup>
  <ItemGroup>
    <ResourceCompile Include="Angstrong.rc">
      <Filter>Resource Files</Filter>
    </ResourceCompile>
  </ItemGroup>
</Project>